
Microsoft Visual Studio Solution File, Format Version 12.00
# Visual Studio Version 17
VisualStudioVersion = 17.10.35004.147
MinimumVisualStudioVersion = 10.0.40219.1
Project("{FAE04EC0-301F-11D3-BF4B-00C04F79EFBC}") = "CSharp17.2", "CSharp17.2.csproj", "{392AE002-B3E8-4FC7-9F07-2884F2B7859C}"
EndProject
Global
	GlobalSection(SolutionConfigurationPlatforms) = preSolution
		Debug|Any CPU = Debug|Any CPU
		Release|Any CPU = Release|Any CPU
	EndGlobalSection
	GlobalSection(ProjectConfigurationPlatforms) = postSolution
		{392AE002-B3E8-4FC7-9F07-2884F2B7859C}.Debug|Any CPU.ActiveCfg = Debug|Any CPU
		{392AE002-B3E8-4FC7-9F07-2884F2B7859C}.Debug|Any CPU.Build.0 = Debug|Any CPU
		{392AE002-B3E8-4FC7-9F07-2884F2B7859C}.Release|Any CPU.ActiveCfg = Release|Any CPU
		{392AE002-B3E8-4FC7-9F07-2884F2B7859C}.Release|Any CPU.Build.0 = Release|Any CPU
	EndGlobalSection
	GlobalSection(SolutionProperties) = preSolution
		HideSolutionNode = FALSE
	EndGlobalSection
	GlobalSection(ExtensibilityGlobals) = postSolution
		SolutionGuid = {F38BBD4A-512B-49FB-B736-93FBDEB7184B}
	EndGlobalSection
EndGlobal
